{
  "nodes": {
    "nixpkgs": {
      "locked": {
        "lastModified": 1784842214,
        "narHash": "sha256-0npKUOIuNDfxaekHy2v+caG7MChxGGJWNAY20vxoTqw=",
        "rev": "91cc1fdf6831e29b6c98768e721a72241f3d0797",
        "type": "tarball",
        "url": "https://releases.nixos.org/nixpkgs/nixpkgs-26.11pre1040818.91cc1fdf6831/nixexprs.tar.xz"
      },
      "original": {
        "id": "nixpkgs",
        "ref": "nixpkgs-unstable",
        "type": "indirect"
      }
    },
    "root": {
      "inputs": {
        "nixpkgs": "nixpkgs",
        "silentSDDM": "silentSDDM"
      }
    },
    "silentSDDM": {
      "inputs": {
        "nixpkgs": [
          "nixpkgs"
        ]
      },
      "locked": {
        "lastModified": 1785015872,
        "narHash": "sha256-7dTNd8o3xInMXSBRkRCkHAGQc+e0mrlljDGTXKhk6I0=",
        "owner": "uiriansan",
        "repo": "SilentSDDM",
        "rev": "da69191d32721c1f093d13bfd803e8d8000bd712",
        "type": "github"
      },
      "original": {
        "owner": "uiriansan",
        "repo": "SilentSDDM",
        "type": "github"
      }
    }
  },
  "root": "root",
  "version": 7
}
